// !$*UTF8*$!
{
	archiveVersion = 1;
	classes = {
	};
	objectVersion = 46;
	objects = {

/* Begin PBXBuildFile section */
		0FA08CED1ED5765E00F3CAE5 /* AppDelegate.swift in Sources */ = {isa = PBXBuildFile; fileRef = 0FA08CEC1ED5765E00F3CAE5 /* AppDelegate.swift */; };
		0FA08CEF1ED5765E00F3CAE5 /* ViewController.swift in Sources */ = {isa = PBXBuildFile; fileRef = 0FA08CEE1ED5765E00F3CAE5 /* ViewController.swift */; };
		0FA08CF21ED5765E00F3CAE5 /* Main.storyboard in Resources */ = {isa = PBXBuildFile; fileRef = 0FA08CF01ED5765E00F3CAE5 /* Main.storyboard */; };
		0FA08CF41ED5765E00F3CAE5 /* Assets.xcassets in Resources */ = {isa = PBXBuildFile; fileRef = 0FA08CF31ED5765E00F3CAE5 /* Assets.xcassets */; };
		0FA08CF71ED5765E00F3CAE5 /* LaunchScreen.storyboard in Resources */ = {isa = PBXBuildFile; fileRef = 0FA08CF51ED5765E00F3CAE5 /* LaunchScreen.storyboard */; };
		0FA08D071ED576E900F3CAE5 /* BottomViewController.swift in Sources */ = {isa = PBXBuildFile; fileRef = 0FA08CFE1ED576E900F3CAE5 /* BottomViewController.swift */; };
		0FA08D081ED576E900F3CAE5 /* CenterViewController.swift in Sources */ = {isa = PBXBuildFile; fileRef = 0FA08CFF1ED576E900F3CAE5 /* CenterViewController.swift */; };
		0FA08D091ED576E900F3CAE5 /* LeftViewController.swift in Sources */ = {isa = PBXBuildFile; fileRef = 0FA08D001ED576E900F3CAE5 /* LeftViewController.swift */; };
		0FA08D0A1ED576E900F3CAE5 /* NavigationControllerDelegate.swift in Sources */ = {isa = PBXBuildFile; fileRef = 0FA08D011ED576E900F3CAE5 /* NavigationControllerDelegate.swift */; };
		0FA08D0B1ED576E900F3CAE5 /* PageTransitionAnimator.swift in Sources */ = {isa = PBXBuildFile; fileRef = 0FA08D021ED576E900F3CAE5 /* PageTransitionAnimator.swift */; };
		0FA08D0C1ED576E900F3CAE5 /* PageTransitionDelegate.swift in Sources */ = {isa = PBXBuildFile; fileRef = 0FA08D031ED576E900F3CAE5 /* PageTransitionDelegate.swift */; };
		0FA08D0D1ED576E900F3CAE5 /* Right1ViewController.swift in Sources */ = {isa = PBXBuildFile; fileRef = 0FA08D041ED576E900F3CAE5 /* Right1ViewController.swift */; };
		0FA08D0E1ED576E900F3CAE5 /* RightViewController.swift in Sources */ = {isa = PBXBuildFile; fileRef = 0FA08D051ED576E900F3CAE5 /* RightViewController.swift */; };
		0FA08D0F1ED576E900F3CAE5 /* TopViewController.swift in Sources */ = {isa = PBXBuildFile; fileRef = 0FA08D061ED576E900F3CAE5 /* TopViewController.swift */; };
		0FA08D111ED578F800F3CAE5 /* MyNavigationControllerDelegate.swift in Sources */ = {isa = PBXBuildFile; fileRef = 0FA08D101ED578F800F3CAE5 /* MyNavigationControllerDelegate.swift */; };
		0FA08D131ED57A7700F3CAE5 /* ControllerHelper.swift in Sources */ = {isa = PBXBuildFile; fileRef = 0FA08D121ED57A7700F3CAE5 /* ControllerHelper.swift */; };
/* End PBXBuildFile section */

/* Begin PBXFileReference section */
		0FA08CE91ED5765E00F3CAE5 /* PageTransition.app */ = {isa = PBXFileReference; explicitFileType = wrapper.application; includeInIndex = 0; path = PageTransition.app; sourceTree = BUILT_PRODUCTS_DIR; };
		0FA08CEC1ED5765E00F3CAE5 /* AppDelegate.swift */ = {isa = PBXFileReference; lastKnownFileType = sourcecode.swift; path = AppDelegate.swift; sourceTree = "<group>"; };
		0FA08CEE1ED5765E00F3CAE5 /* ViewController.swift */ = {isa = PBXFileReference; lastKnownFileType = sourcecode.swift; path = ViewController.swift; sourceTree = "<group>"; };
		0FA08CF11ED5765E00F3CAE5 /* Base */ = {isa = PBXFileReference; lastKnownFileType = file.storyboard; name = Base; path = Base.lproj/Main.storyboard; sourceTree = "<group>"; };
		0FA08CF31ED5765E00F3CAE5 /* Assets.xcassets */ = {isa = PBXFileReference; lastKnownFileType = folder.assetcatalog; path = Assets.xcassets; sourceTree = "<group>"; };
		0FA08CF61ED5765E00F3CAE5 /* Base */ = {isa = PBXFileReference; lastKnownFileType = file.storyboard; name = Base; path = Base.lproj/LaunchScreen.storyboard; sourceTree = "<group>"; };
		0FA08CF81ED5765E00F3CAE5 /* Info.plist */ = {isa = PBXFileReference; lastKnownFileType = text.plist.xml; path = Info.plist; sourceTree = "<group>"; };
		0FA08CFE1ED576E900F3CAE5 /* BottomViewController.swift */ = {isa = PBXFileReference; fileEncoding = 4; lastKnownFileType = sourcecode.swift; path = BottomViewController.swift; sourceTree = "<group>"; };
		0FA08CFF1ED576E900F3CAE5 /* CenterViewController.swift */ = {isa = PBXFileReference; fileEncoding = 4; lastKnownFileType = sourcecode.swift; path = CenterViewController.swift; sourceTree = "<group>"; };
		0FA08D001ED576E900F3CAE5 /* LeftViewController.swift */ = {isa = PBXFileReference; fileEncoding = 4; lastKnownFileType = sourcecode.swift; path = LeftViewController.swift; sourceTree = "<group>"; };
		0FA08D011ED576E900F3CAE5 /* NavigationControllerDelegate.swift */ = {isa = PBXFileReference; fileEncoding = 4; lastKnownFileType = sourcecode.swift; path = NavigationControllerDelegate.swift; sourceTree = "<group>"; };
		0FA08D021ED576E900F3CAE5 /* PageTransitionAnimator.swift */ = {isa = PBXFileReference; fileEncoding = 4; lastKnownFileType = sourcecode.swift; path = PageTransitionAnimator.swift; sourceTree = "<group>"; };
		0FA08D031ED576E900F3CAE5 /* PageTransitionDelegate.swift */ = {isa = PBXFileReference; fileEncoding = 4; lastKnownFileType = sourcecode.swift; path = PageTransitionDelegate.swift; sourceTree = "<group>"; };
		0FA08D041ED576E900F3CAE5 /* Right1ViewController.swift */ = {isa = PBXFileReference; fileEncoding = 4; lastKnownFileType = sourcecode.swift; path = Right1ViewController.swift; sourceTree = "<group>"; };
		0FA08D051ED576E900F3CAE5 /* RightViewController.swift */ = {isa = PBXFileReference; fileEncoding = 4; lastKnownFileType = sourcecode.swift; path = RightViewController.swift; sourceTree = "<group>"; };
		0FA08D061ED576E900F3CAE5 /* TopViewController.swift */ = {isa = PBXFileReference; fileEncoding = 4; lastKnownFileType = sourcecode.swift; path = TopViewController.swift; sourceTree = "<group>"; };
		0FA08D101ED578F800F3CAE5 /* MyNavigationControllerDelegate.swift */ = {isa = PBXFileReference; fileEncoding = 4; lastKnownFileType = sourcecode.swift; path = MyNavigationControllerDelegate.swift; sourceTree = "<group>"; };
		0FA08D121ED57A7700F3CAE5 /* ControllerHelper.swift */ = {isa = PBXFileReference; fileEncoding = 4; lastKnownFileType = sourcecode.swift; path = ControllerHelper.swift; sourceTree = "<group>"; };
/* End PBXFileReference section */

/* Begin PBXFrameworksBuildPhase section */
		0FA08CE61ED5765E00F3CAE5 /* Frameworks */ = {
			isa = PBXFrameworksBuildPhase;
			buildActionMask = 2147483647;
			files = (
			);
			runOnlyForDeploymentPostprocessing = 0;
		};
/* End PBXFrameworksBuildPhase section */

/* Begin PBXGroup section */
		0FA08CE01ED5765E00F3CAE5 = {
			isa = PBXGroup;
			children = (
				0FA08CEB1ED5765E00F3CAE5 /* PageTransition */,
				0FA08CEA1ED5765E00F3CAE5 /* Products */,
			);
			sourceTree = "<group>";
		};
		0FA08CEA1ED5765E00F3CAE5 /* Products */ = {
			isa = PBXGroup;
			children = (
				0FA08CE91ED5765E00F3CAE5 /* PageTransition.app */,
			);
			name = Products;
			sourceTree = "<group>";
		};
		0FA08CEB1ED5765E00F3CAE5 /* PageTransition */ = {
			isa = PBXGroup;
			children = (
				0FA08CFE1ED576E900F3CAE5 /* BottomViewController.swift */,
				0FA08CFF1ED576E900F3CAE5 /* CenterViewController.swift */,
				0FA08D001ED576E900F3CAE5 /* LeftViewController.swift */,
				0FA08D011ED576E900F3CAE5 /* NavigationControllerDelegate.swift */,
				0FA08D021ED576E900F3CAE5 /* PageTransitionAnimator.swift */,
				0FA08D031ED576E900F3CAE5 /* PageTransitionDelegate.swift */,
				0FA08D041ED576E900F3CAE5 /* Right1ViewController.swift */,
				0FA08D051ED576E900F3CAE5 /* RightViewController.swift */,
				0FA08D061ED576E900F3CAE5 /* TopViewController.swift */,
				0FA08CEC1ED5765E00F3CAE5 /* AppDelegate.swift */,
				0FA08CEE1ED5765E00F3CAE5 /* ViewController.swift */,
				0FA08CF01ED5765E00F3CAE5 /* Main.storyboard */,
				0FA08CF31ED5765E00F3CAE5 /* Assets.xcassets */,
				0FA08CF51ED5765E00F3CAE5 /* LaunchScreen.storyboard */,
				0FA08CF81ED5765E00F3CAE5 /* Info.plist */,
				0FA08D101ED578F800F3CAE5 /* MyNavigationControllerDelegate.swift */,
				0FA08D121ED57A7700F3CAE5 /* ControllerHelper.swift */,
			);
			path = PageTransition;
			sourceTree = "<group>";
		};
/* End PBXGroup section */

/* Begin PBXNativeTarget section */
		0FA08CE81ED5765E00F3CAE5 /* PageTransition */ = {
			isa = PBXNativeTarget;
			buildConfigurationList = 0FA08CFB1ED5765E00F3CAE5 /* Build configuration list for PBXNativeTarget "PageTransition" */;
			buildPhases = (
				0FA08CE51ED5765E00F3CAE5 /* Sources */,
				0FA08CE61ED5765E00F3CAE5 /* Frameworks */,
				0FA08CE71ED5765E00F3CAE5 /* Resources */,
			);
			buildRules = (
			);
			dependencies = (
			);
			name = PageTransition;
			productName = PageTransition;
			productReference = 0FA08CE91ED5765E00F3CAE5 /* PageTransition.app */;
			productType = "com.apple.product-type.application";
		};
/* End PBXNativeTarget section */

/* Begin PBXProject section */
		0FA08CE11ED5765E00F3CAE5 /* Project object */ = {
			isa = PBXProject;
			attributes = {
				LastSwiftUpdateCheck = 0830;
				LastUpgradeCheck = 0830;
				ORGANIZATIONNAME = leo;
				TargetAttributes = {
					0FA08CE81ED5765E00F3CAE5 = {
						CreatedOnToolsVersion = 8.3.2;
						DevelopmentTeam = G5YJVZL9SU;
						ProvisioningStyle = Automatic;
					};
				};
			};
			buildConfigurationList = 0FA08CE41ED5765E00F3CAE5 /* Build configuration list for PBXProject "PageTransition" */;
			compatibilityVersion = "Xcode 3.2";
			developmentRegion = English;
			hasScannedForEncodings = 0;
			knownRegions = (
				en,
				Base,
			);
			mainGroup = 0FA08CE01ED5765E00F3CAE5;
			productRefGroup = 0FA08CEA1ED5765E00F3CAE5 /* Products */;
			projectDirPath = "";
			projectRoot = "";
			targets = (
				0FA08CE81ED5765E00F3CAE5 /* PageTransition */,
			);
		};
/* End PBXProject section */

/* Begin PBXResourcesBuildPhase section */
		0FA08CE71ED5765E00F3CAE5 /* Resources */ = {
			isa = PBXResourcesBuildPhase;
			buildActionMask = 2147483647;
			files = (
				0FA08CF71ED5765E00F3CAE5 /* LaunchScreen.storyboard in Resources */,
				0FA08CF41ED5765E00F3CAE5 /* Assets.xcassets in Resources */,
				0FA08CF21ED5765E00F3CAE5 /* Main.storyboard in Resources */,
			);
			runOnlyForDeploymentPostprocessing = 0;
		};
/* End PBXResourcesBuildPhase section */

/* Begin PBXSourcesBuildPhase section */
		0FA08CE51ED5765E00F3CAE5 /* Sources */ = {
			isa = PBXSourcesBuildPhase;
			buildActionMask = 2147483647;
			files = (
				0FA08D0B1ED576E900F3CAE5 /* PageTransitionAnimator.swift in Sources */,
				0FA08CEF1ED5765E00F3CAE5 /* ViewController.swift in Sources */,
				0FA08D0F1ED576E900F3CAE5 /* TopViewController.swift in Sources */,
				0FA08D0C1ED576E900F3CAE5 /* PageTransitionDelegate.swift in Sources */,
				0FA08D111ED578F800F3CAE5 /* MyNavigationControllerDelegate.swift in Sources */,
				0FA08D081ED576E900F3CAE5 /* CenterViewController.swift in Sources */,
				0FA08CED1ED5765E00F3CAE5 /* AppDelegate.swift in Sources */,
				0FA08D091ED576E900F3CAE5 /* LeftViewController.swift in Sources */,
				0FA08D0A1ED576E900F3CAE5 /* NavigationControllerDelegate.swift in Sources */,
				0FA08D0E1ED576E900F3CAE5 /* RightViewController.swift in Sources */,
				0FA08D0D1ED576E900F3CAE5 /* Right1ViewController.swift in Sources */,
				0FA08D131ED57A7700F3CAE5 /* ControllerHelper.swift in Sources */,
				0FA08D071ED576E900F3CAE5 /* BottomViewController.swift in Sources */,
			);
			runOnlyForDeploymentPostprocessing = 0;
		};
/* End PBXSourcesBuildPhase section */

/* Begin PBXVariantGroup section */
		0FA08CF01ED5765E00F3CAE5 /* Main.storyboard */ = {
			isa = PBXVariantGroup;
			children = (
				0FA08CF11ED5765E00F3CAE5 /* Base */,
			);
			name = Main.storyboard;
			sourceTree = "<group>";
		};
		0FA08CF51ED5765E00F3CAE5 /* LaunchScreen.storyboard */ = {
			isa = PBXVariantGroup;
			children = (
				0FA08CF61ED5765E00F3CAE5 /* Base */,
			);
			name = LaunchScreen.storyboard;
			sourceTree = "<group>";
		};
/* End PBXVariantGroup section */

/* Begin XCBuildConfiguration section */
		0FA08CF91ED5765E00F3CAE5 /* Debug */ = {
			isa = XCBuildConfiguration;
			buildSettings = {
				ALWAYS_SEARCH_USER_PATHS = NO;
				CLANG_ANALYZER_NONNULL = YES;
				CLANG_ANALYZER_NUMBER_OBJECT_CONVERSION = YES_AGGRESSIVE;
				CLANG_CXX_LANGUAGE_STANDARD = "gnu++0x";
				CLANG_CXX_LIBRARY = "libc++";
				CLANG_ENABLE_MODULES = YES;
				CLANG_ENABLE_OBJC_ARC = YES;
				CLANG_WARN_BOOL_CONVERSION = YES;
				CLANG_WARN_CONSTANT_CONVERSION = YES;
				CLANG_WARN_DIRECT_OBJC_ISA_USAGE = YES_ERROR;
				CLANG_WARN_DOCUMENTATION_COMMENTS = YES;
				CLANG_WARN_EMPTY_BODY = YES;
				CLANG_WARN_ENUM_CONVERSION = YES;
				CLANG_WARN_INFINITE_RECURSION = YES;
				CLANG_WARN_INT_CONVERSION = YES;
				CLANG_WARN_OBJC_ROOT_CLASS = YES_ERROR;
				CLANG_WARN_SUSPICIOUS_MOVE = YES;
				CLANG_WARN_UNREACHABLE_CODE = YES;
				CLANG_WARN__DUPLICATE_METHOD_MATCH = YES;
				"CODE_SIGN_IDENTITY[sdk=iphoneos*]" = "iPhone Developer";
				COPY_PHASE_STRIP = NO;
				DEBUG_INFORMATION_FORMAT = dwarf;
				ENABLE_STRICT_OBJC_MSGSEND = YES;
				ENABLE_TESTABILITY = YES;
				GCC_C_LANGUAGE_STANDARD = gnu99;
				GCC_DYNAMIC_NO_PIC = NO;
				GCC_NO_COMMON_BLOCKS = YES;
				GCC_OPTIMIZATION_LEVEL = 0;
				GCC_PREPROCESSOR_DEFINITIONS = (
					"DEBUG=1",
					"$(inherited)",
				);
				GCC_WARN_64_TO_32_BIT_CONVERSION = YES;
				GCC_WARN_ABOUT_RETURN_TYPE = YES_ERROR;
				GCC_WARN_UNDECLARED_SELECTOR = YES;
				GCC_WARN_UNINITIALIZED_AUTOS = YES_AGGRESSIVE;
				GCC_WARN_UNUSED_FUNCTION = YES;
				GCC_WARN_UNUSED_VARIABLE = YES;
				IPHONEOS_DEPLOYMENT_TARGET = 10.3;
				MTL_ENABLE_DEBUG_INFO = YES;
				ONLY_ACTIVE_ARCH = YES;
				SDKROOT = iphoneos;
				SWIFT_ACTIVE_COMPILATION_CONDITIONS = DEBUG;
				SWIFT_OPTIMIZATION_LEVEL = "-Onone";
			};
			name = Debug;
		};
		0FA08CFA1ED5765E00F3CAE5 /* Release */ = {
			isa = XCBuildConfiguration;
			buildSettings = {
				ALWAYS_SEARCH_USER_PATHS = NO;
				CLANG_ANALYZER_NONNULL = YES;
				CLANG_ANALYZER_NUMBER_OBJECT_CONVERSION = YES_AGGRESSIVE;
				CLANG_CXX_LANGUAGE_STANDARD = "gnu++0x";
				CLANG_CXX_LIBRARY = "libc++";
				CLANG_ENABLE_MODULES = YES;
				CLANG_ENABLE_OBJC_ARC = YES;
				CLANG_WARN_BOOL_CONVERSION = YES;
				CLANG_WARN_CONSTANT_CONVERSION = YES;
				CLANG_WARN_DIRECT_OBJC_ISA_USAGE = YES_ERROR;
				CLANG_WARN_DOCUMENTATION_COMMENTS = YES;
				CLANG_WARN_EMPTY_BODY = YES;
				CLANG_WARN_ENUM_CONVERSION = YES;
				CLANG_WARN_INFINITE_RECURSION = YES;
				CLANG_WARN_INT_CONVERSION = YES;
				CLANG_WARN_OBJC_ROOT_CLASS = YES_ERROR;
				CLANG_WARN_SUSPICIOUS_MOVE = YES;
				CLANG_WARN_UNREACHABLE_CODE = YES;
				CLANG_WARN__DUPLICATE_METHOD_MATCH = YES;
				"CODE_SIGN_IDENTITY[sdk=iphoneos*]" = "iPhone Developer";
				COPY_PHASE_STRIP = NO;
				DEBUG_INFORMATION_FORMAT = "dwarf-with-dsym";
				ENABLE_NS_ASSERTIONS = NO;
				ENABLE_STRICT_OBJC_MSGSEND = YES;
				GCC_C_LANGUAGE_STANDARD = gnu99;
				GCC_NO_COMMON_BLOCKS = YES;
				GCC_WARN_64_TO_32_BIT_CONVERSION = YES;
				GCC_WARN_ABOUT_RETURN_TYPE = YES_ERROR;
				GCC_WARN_UNDECLARED_SELECTOR = YES;
				GCC_WARN_UNINITIALIZED_AUTOS = YES_AGGRESSIVE;
				GCC_WARN_UNUSED_FUNCTION = YES;
				GCC_WARN_UNUSED_VARIABLE = YES;
				IPHONEOS_DEPLOYMENT_TARGET = 10.3;
				MTL_ENABLE_DEBUG_INFO = NO;
				SDKROOT = iphoneos;
				SWIFT_OPTIMIZATION_LEVEL = "-Owholemodule";
				VALIDATE_PRODUCT = YES;
			};
			name = Release;
		};
		0FA08CFC1ED5765E00F3CAE5 /* Debug */ = {
			isa = XCBuildConfiguration;
			buildSettings = {
				ASSETCATALOG_COMPILER_APPICON_NAME = AppIcon;
				DEVELOPMENT_TEAM = G5YJVZL9SU;
				INFOPLIST_FILE = PageTransition/Info.plist;
				IPHONEOS_DEPLOYMENT_TARGET = 9.0;
				LD_RUNPATH_SEARCH_PATHS = "$(inherited) @executable_path/Frameworks";
				PRODUCT_BUNDLE_IDENTIFIER = com.leo.PageTransition;
				PRODUCT_NAME = "$(TARGET_NAME)";
				SWIFT_VERSION = 3.0;
			};
			name = Debug;
		};
		0FA08CFD1ED5765E00F3CAE5 /* Release */ = {
			isa = XCBuildConfiguration;
			buildSettings = {
				ASSETCATALOG_COMPILER_APPICON_NAME = AppIcon;
				DEVELOPMENT_TEAM = G5YJVZL9SU;
				INFOPLIST_FILE = PageTransition/Info.plist;
				IPHONEOS_DEPLOYMENT_TARGET = 9.0;
				LD_RUNPATH_SEARCH_PATHS = "$(inherited) @executable_path/Frameworks";
				PRODUCT_BUNDLE_IDENTIFIER = com.leo.PageTransition;
				PRODUCT_NAME = "$(TARGET_NAME)";
				SWIFT_VERSION = 3.0;
			};
			name = Release;
		};
/* End XCBuildConfiguration section */

/* Begin XCConfigurationList section */
		0FA08CE41ED5765E00F3CAE5 /* Build configuration list for PBXProject "PageTransition" */ = {
			isa = XCConfigurationList;
			buildConfigurations = (
				0FA08CF91ED5765E00F3CAE5 /* Debug */,
				0FA08CFA1ED5765E00F3CAE5 /* Release */,
			);
			defaultConfigurationIsVisible = 0;
			defaultConfigurationName = Release;
		};
		0FA08CFB1ED5765E00F3CAE5 /* Build configuration list for PBXNativeTarget "PageTransition" */ = {
			isa = XCConfigurationList;
			buildConfigurations = (
				0FA08CFC1ED5765E00F3CAE5 /* Debug */,
				0FA08CFD1ED5765E00F3CAE5 /* Release */,
			);
			defaultConfigurationIsVisible = 0;
		};
/* End XCConfigurationList section */
	};
	rootObject = 0FA08CE11ED5765E00F3CAE5 /* Project object */;
}
